{
    "name": "@arcanist-ui/formatter",
    "version": "0.0.1",
    "lockfileVersion": 2,
    "requires": true,
    "packages": {
        "": {
            "name": "@arcanist-ui/formatter",
            "version": "0.0.1",
            "hasInstallScript": true,
            "license": "UNLICENSED",
            "dependencies": {
                "@arcanist-ui/setup-utils": "^0.0.1"
            }
        },
        "../setup-utils": {
            "version": "0.0.1",
            "extraneous": true,
            "license": "UNLICENSED"
        },
        "node_modules/@arcanist-ui/setup-utils": {
            "version": "0.0.1",
            "resolved": "https://registry.npmjs.org/@arcanist-ui/setup-utils/-/setup-utils-0.0.1.tgz",
            "integrity": "sha512-UXUHy2lMvy3Z2jBuw1KklBlK0lApHsLRCF2ghjcxA5UDBqxEkNdYiQVy0wFY6Wib4h/d1Eys6WKq3bOdQqILnA=="
        }
    },
    "dependencies": {
        "@arcanist-ui/setup-utils": {
            "version": "0.0.1",
            "resolved": "https://registry.npmjs.org/@arcanist-ui/setup-utils/-/setup-utils-0.0.1.tgz",
            "integrity": "sha512-UXUHy2lMvy3Z2jBuw1KklBlK0lApHsLRCF2ghjcxA5UDBqxEkNdYiQVy0wFY6Wib4h/d1Eys6WKq3bOdQqILnA=="
        }
    }
}
