{
    "name": "@arcanist-ui/formatter",
    "version": "0.0.1",
    "lockfileVersion": 2,
    "requires": true,
    "packages": {
        "": {
            "name": "@arcanist-ui/formatter",
            "version": "0.0.1",
            "hasInstallScript": true,
            "license": "UNLICENSED",
            "dependencies": {
                "@arcanist-ui/setup-utils": "^0.0.3"
            }
        },
        "node_modules/@arcanist-ui/setup-utils": {
            "version": "0.0.3",
            "resolved": "https://registry.npmjs.org/@arcanist-ui/setup-utils/-/setup-utils-0.0.3.tgz",
            "integrity": "sha512-ftpG1Lkqqw6ngYnvrSKeCjE0umdOLpc2//HZvNy2vAgVgrVLyhH8W2Rwqq4sfw9e8qBTzDLs0MfH/CZx2mw8zw=="
        }
    },
    "dependencies": {
        "@arcanist-ui/setup-utils": {
            "version": "0.0.3",
            "resolved": "https://registry.npmjs.org/@arcanist-ui/setup-utils/-/setup-utils-0.0.3.tgz",
            "integrity": "sha512-ftpG1Lkqqw6ngYnvrSKeCjE0umdOLpc2//HZvNy2vAgVgrVLyhH8W2Rwqq4sfw9e8qBTzDLs0MfH/CZx2mw8zw=="
        }
    }
}
